
Microsoft Visual Studio Solution File, Format Version 12.00
# Visual Studio Version 17
VisualStudioVersion = 17.10.34928.147
MinimumVisualStudioVersion = 10.0.40219.1
Project("{FAE04EC0-301F-11D3-BF4B-00C04F79EFBC}") = "Assignment_1", "Assignment_1\Assignment_1.csproj", "{EFE3213F-F90A-42C0-8789-D0FD686FD1F1}"
EndProject
Project("{FAE04EC0-301F-11D3-BF4B-00C04F79EFBC}") = "Core", "Core\Core.csproj", "{8633AA3C-E5C4-484F-A420-DDA0F6E5AF94}"
EndProject
Global
	GlobalSection(SolutionConfigurationPlatforms) = preSolution
		Debug|Any CPU = Debug|Any CPU
		Release|Any CPU = Release|Any CPU
	EndGlobalSection
	GlobalSection(ProjectConfigurationPlatforms) = postSolution
		{EFE3213F-F90A-42C0-8789-D0FD686FD1F1}.Debug|Any CPU.ActiveCfg = Debug|Any CPU
		{EFE3213F-F90A-42C0-8789-D0FD686FD1F1}.Debug|Any CPU.Build.0 = Debug|Any CPU
		{EFE3213F-F90A-42C0-8789-D0FD686FD1F1}.Release|Any CPU.ActiveCfg = Release|Any CPU
		{EFE3213F-F90A-42C0-8789-D0FD686FD1F1}.Release|Any CPU.Build.0 = Release|Any CPU
		{8633AA3C-E5C4-484F-A420-DDA0F6E5AF94}.Debug|Any CPU.ActiveCfg = Debug|Any CPU
		{8633AA3C-E5C4-484F-A420-DDA0F6E5AF94}.Debug|Any CPU.Build.0 = Debug|Any CPU
		{8633AA3C-E5C4-484F-A420-DDA0F6E5AF94}.Release|Any CPU.ActiveCfg = Release|Any CPU
		{8633AA3C-E5C4-484F-A420-DDA0F6E5AF94}.Release|Any CPU.Build.0 = Release|Any CPU
	EndGlobalSection
	GlobalSection(SolutionProperties) = preSolution
		HideSolutionNode = FALSE
	EndGlobalSection
	GlobalSection(ExtensibilityGlobals) = postSolution
		SolutionGuid = {548B426B-B74F-4D6C-B9F9-9810D876CAB0}
	EndGlobalSection
EndGlobal
